<?xml version="1.0" encoding="utf-8"?>
<Project ToolsVersion="4.0" xmlns="http://schemas.microsoft.com/developer/msbuild/2003">
  <ItemGroup>
    <Filter Include="src">
      <UniqueIdentifier>{2cf24ab1-bf86-4757-b7ef-ff2a5661882b}</UniqueIdentifier>
    </Filter>
    <Filter Include="headers">
      <UniqueIdentifier>{4b80c579-e140-4393-b896-243a074f80be}</UniqueIdentifier>
    </Filter>
  </ItemGroup>
  <ItemGroup>
    <ClInclude Include="headers\Common.h">
      <Filter>headers</Filter>
    </ClInclude>
    <ClInclude Include="headers\Timer.h">
      <Filter>headers</Filter>
    </ClInclude>
    <ClInclude Include="headers\const.h">
      <Filter>headers</Filter>
    </ClInclude>
  </ItemGroup>
  <ItemGroup>
    <CudaCompile Include="get_quad_coord.cu">
      <Filter>src</Filter>
    </CudaCompile>
    <CudaCompile Include="src\cuda\low_ord_oper.cu">
      <Filter>src</Filter>
    </CudaCompile>
  </ItemGroup>
  <ItemGroup>
    <ClCompile Include="src\low_ord_oper.cpp">
      <Filter>src</Filter>
    </ClCompile>
  </ItemGroup>
</Project>